
Microsoft Visual Studio Solution File, Format Version 12.00
# Visual Studio Version 17
VisualStudioVersion = 17.9.34728.123
MinimumVisualStudioVersion = 10.0.40219.1
Project("{9A19103F-16F7-4668-BE54-9A1E7A4F7556}") = "ChessLib", "ChessLib\ChessLib.csproj", "{1750404B-4760-42E9-965C-D6E3DF42A161}"
EndProject
Project("{9A19103F-16F7-4668-BE54-9A1E7A4F7556}") = "ConsoleApp", "ConsoleApp\ConsoleApp.csproj", "{2363E862-A13B-4AAC-98EC-3F68A5FEAAFC}"
EndProject
Global
	GlobalSection(SolutionConfigurationPlatforms) = preSolution
		Debug|Any CPU = Debug|Any CPU
		Release|Any CPU = Release|Any CPU
	EndGlobalSection
	GlobalSection(ProjectConfigurationPlatforms) = postSolution
		{1750404B-4760-42E9-965C-D6E3DF42A161}.Debug|Any CPU.ActiveCfg = Debug|Any CPU
		{1750404B-4760-42E9-965C-D6E3DF42A161}.Debug|Any CPU.Build.0 = Debug|Any CPU
		{1750404B-4760-42E9-965C-D6E3DF42A161}.Release|Any CPU.ActiveCfg = Release|Any CPU
		{1750404B-4760-42E9-965C-D6E3DF42A161}.Release|Any CPU.Build.0 = Release|Any CPU
		{2363E862-A13B-4AAC-98EC-3F68A5FEAAFC}.Debug|Any CPU.ActiveCfg = Debug|Any CPU
		{2363E862-A13B-4AAC-98EC-3F68A5FEAAFC}.Debug|Any CPU.Build.0 = Debug|Any CPU
		{2363E862-A13B-4AAC-98EC-3F68A5FEAAFC}.Release|Any CPU.ActiveCfg = Release|Any CPU
		{2363E862-A13B-4AAC-98EC-3F68A5FEAAFC}.Release|Any CPU.Build.0 = Release|Any CPU
	EndGlobalSection
	GlobalSection(SolutionProperties) = preSolution
		HideSolutionNode = FALSE
	EndGlobalSection
	GlobalSection(ExtensibilityGlobals) = postSolution
		SolutionGuid = {CDEB5422-83B6-4404-9415-6DAD1CCC607F}
	EndGlobalSection
EndGlobal
